dependencies:
  espressif/esp-dsp:
    component_hash: fa7fe74305df6da25867437ebcd4213e047cbfc0556cf92067ab657fce537c6e
    source:
      service_url: https://api.components.espressif.com/
      type: service
    version: 1.5.2
  espressif/esp-nn:
    component_hash: f6f2851ce82137a66e4265071c9b852bbe0130b882a18dea9f03faea7bf1295a
    source:
      service_url: https://api.components.espressif.com/
      type: service
    version: 1.1.0
  espressif/jsmn:
    component_hash: d80350c41bbaa827c98a25b6072df00884e72f54885996fab4a4f0aebce6b6c3
    source:
      service_url: https://api.components.espressif.com/
      type: service
    version: 1.1.0
  espressif/nghttp:
    component_hash: c52b83cc3d1083ae669751534ea4f7445974b86d91d49a5273bdb0fbf87f34d6
    source:
      service_url: https://api.components.espressif.com/
      type: service
    version: 1.62.1
  idf:
    component_hash: null
    source:
      type: idf
    version: 5.1.2
manifest_hash: a97d6ae5a8bd4c64dce4ccd3b48fb53325d289a091dd3197008ed8351ccd52f0
target: esp32
version: 1.0.0
